
Microsoft Visual Studio Solution File, Format Version 12.00
# Visual Studio Version 16
VisualStudioVersion = 16.0.30204.135
MinimumVisualStudioVersion = 10.0.40219.1
Project("{FAE04EC0-301F-11D3-BF4B-00C04F79EFBC}") = "5-DateTimeKind_ISO8601", "5-DateTimeKind_ISO8601\5-DateTimeKind_ISO8601.csproj", "{DDB00910-A5BD-40D3-9D12-EC7EB29326EB}"
EndProject
Global
	GlobalSection(SolutionConfigurationPlatforms) = preSolution
		Debug|Any CPU = Debug|Any CPU
		Release|Any CPU = Release|Any CPU
	EndGlobalSection
	GlobalSection(ProjectConfigurationPlatforms) = postSolution
		{DDB00910-A5BD-40D3-9D12-EC7EB29326EB}.Debug|Any CPU.ActiveCfg = Debug|Any CPU
		{DDB00910-A5BD-40D3-9D12-EC7EB29326EB}.Debug|Any CPU.Build.0 = Debug|Any CPU
		{DDB00910-A5BD-40D3-9D12-EC7EB29326EB}.Release|Any CPU.ActiveCfg = Release|Any CPU
		{DDB00910-A5BD-40D3-9D12-EC7EB29326EB}.Release|Any CPU.Build.0 = Release|Any CPU
	EndGlobalSection
	GlobalSection(SolutionProperties) = preSolution
		HideSolutionNode = FALSE
	EndGlobalSection
	GlobalSection(ExtensibilityGlobals) = postSolution
		SolutionGuid = {6827B81E-DED8-4B2D-95B0-A991659FD3B9}
	EndGlobalSection
EndGlobal
